
Microsoft Visual Studio Solution File, Format Version 12.00
# Visual Studio Version 16
VisualStudioVersion = 16.0.29806.167
MinimumVisualStudioVersion = 10.0.40219.1
Project("{9A19103F-16F7-4668-BE54-9A1E7A4F7556}") = "DeskBooker.Core.Tests", "DeskBooker.Core.Tests\DeskBooker.Core.Tests.csproj", "{5513AA4C-CAA9-4142-88FD-BBDD5ADF2B91}"
EndProject
Project("{9A19103F-16F7-4668-BE54-9A1E7A4F7556}") = "DeskBooker.Core", "DeskBooker.Core\DeskBooker.Core.csproj", "{867D9637-1309-4A20-87D6-AC219BA0AFA0}"
EndProject
Project("{2150E333-8FDC-42A3-9474-1A3956D46DE8}") = "Solution Items", "Solution Items", "{661CA258-5E4A-45F9-A8BE-7433597B2654}"
	ProjectSection(SolutionItems) = preProject
		.editorconfig = .editorconfig
	EndProjectSection
EndProject
Global
	GlobalSection(SolutionConfigurationPlatforms) = preSolution
		Debug|Any CPU = Debug|Any CPU
		Release|Any CPU = Release|Any CPU
	EndGlobalSection
	GlobalSection(ProjectConfigurationPlatforms) = postSolution
		{5513AA4C-CAA9-4142-88FD-BBDD5ADF2B91}.Debug|Any CPU.ActiveCfg = Debug|Any CPU
		{5513AA4C-CAA9-4142-88FD-BBDD5ADF2B91}.Debug|Any CPU.Build.0 = Debug|Any CPU
		{5513AA4C-CAA9-4142-88FD-BBDD5ADF2B91}.Release|Any CPU.ActiveCfg = Release|Any CPU
		{5513AA4C-CAA9-4142-88FD-BBDD5ADF2B91}.Release|Any CPU.Build.0 = Release|Any CPU
		{867D9637-1309-4A20-87D6-AC219BA0AFA0}.Debug|Any CPU.ActiveCfg = Debug|Any CPU
		{867D9637-1309-4A20-87D6-AC219BA0AFA0}.Debug|Any CPU.Build.0 = Debug|Any CPU
		{867D9637-1309-4A20-87D6-AC219BA0AFA0}.Release|Any CPU.ActiveCfg = Release|Any CPU
		{867D9637-1309-4A20-87D6-AC219BA0AFA0}.Release|Any CPU.Build.0 = Release|Any CPU
	EndGlobalSection
	GlobalSection(SolutionProperties) = preSolution
		HideSolutionNode = FALSE
	EndGlobalSection
	GlobalSection(ExtensibilityGlobals) = postSolution
		SolutionGuid = {2F90D7A6-D09A-4F7B-AEDB-72518C489680}
	EndGlobalSection
EndGlobal
